
Microsoft Visual Studio Solution File, Format Version 12.00
# Visual Studio Version 17
VisualStudioVersion = 17.9.34616.47
MinimumVisualStudioVersion = 10.0.40219.1
Project("{FAE04EC0-301F-11D3-BF4B-00C04F79EFBC}") = "Turnup2024", "Turnup2024.csproj", "{1862C2E4-56AF-42F1-9C3D-3F8BAE04511E}"
EndProject
Global
	GlobalSection(SolutionConfigurationPlatforms) = preSolution
		Debug|Any CPU = Debug|Any CPU
		Release|Any CPU = Release|Any CPU
	EndGlobalSection
	GlobalSection(ProjectConfigurationPlatforms) = postSolution
		{1862C2E4-56AF-42F1-9C3D-3F8BAE04511E}.Debug|Any CPU.ActiveCfg = Debug|Any CPU
		{1862C2E4-56AF-42F1-9C3D-3F8BAE04511E}.Debug|Any CPU.Build.0 = Debug|Any CPU
		{1862C2E4-56AF-42F1-9C3D-3F8BAE04511E}.Release|Any CPU.ActiveCfg = Release|Any CPU
		{1862C2E4-56AF-42F1-9C3D-3F8BAE04511E}.Release|Any CPU.Build.0 = Release|Any CPU
	EndGlobalSection
	GlobalSection(SolutionProperties) = preSolution
		HideSolutionNode = FALSE
	EndGlobalSection
	GlobalSection(ExtensibilityGlobals) = postSolution
		SolutionGuid = {34468D58-0F04-4546-94BB-DBE288BF5396}
	EndGlobalSection
EndGlobal
